version = 1
requires-python = ">=3.13"

[[package]]
name = "decrypt-pdf"
version = "0.1.0"
source = { editable = "." }
dependencies = [
    { name = "pypdf" },
]

[package.metadata]
requires-dist = [{ name = "pypdf", specifier = ">=6.0.0" }]

[[package]]
name = "pypdf"
version = "6.0.0"
source = { registry = "https://pypi.org/simple" }
sdist = { url = "https://files.pythonhosted.org/packages/20/ac/a300a03c3b34967c050677ccb16e7a4b65607ee5df9d51e8b6d713de4098/pypdf-6.0.0.tar.gz", hash = "sha256:282a99d2cc94a84a3a3159f0d9358c0af53f85b4d28d76ea38b96e9e5ac2a08d", size = 5033827 }
wheels = [
    { url = "https://files.pythonhosted.org/packages/2c/83/2cacc506eb322bb31b747bc06ccb82cc9aa03e19ee9c1245e538e49d52be/pypdf-6.0.0-py3-none-any.whl", hash = "sha256:56ea60100ce9f11fc3eec4f359da15e9aec3821b036c1f06d2b660d35683abb8", size = 310465 },
]
